{
  "version": 4,
  "terraform_version": "0.12.6",
  "serial": 25,
  "lineage": "8bdd587b-93ba-c0da-cae2-a016b8d06b33",
  "outputs": {},
  "resources": [
    {
      "mode": "managed",
      "type": "aws_ebs_volume",
      "name": "example",
      "provider": "provider.aws",
      "instances": [
        {
          "schema_version": 0,
          "attributes": {
            "arn": "arn:aws:ec2:us-east-1:978287688142:volume/vol-087df4eec00d7d102",
            "availability_zone": "us-east-1a",
            "encrypted": false,
            "id": "vol-087df4eec00d7d102",
            "iops": 100,
            "kms_key_id": "",
            "size": 5,
            "snapshot_id": "",
            "tags": {
              "Name": "TestEBSVolume"
            },
            "type": "gp2"
          },
          "private": "bnVsbA=="
        }
      ]
    }
  ]
}
